// !$*UTF8*$!
{
	archiveVersion = 1;
	classes = {
	};
	objectVersion = 51;
	objects = {

/* Begin PBXBuildFile section */
		0302D9C12318FBC800DE7921 /* HouseworkCollectionViewCell.swift in Sources */ = {isa = PBXBuildFile; fileRef = 0302D9C02318FBC800DE7921 /* HouseworkCollectionViewCell.swift */; };
		0302D9C32318FBE900DE7921 /* FamilyMemberCollectionViewCell.swift in Sources */ = {isa = PBXBuildFile; fileRef = 0302D9C22318FBE900DE7921 /* FamilyMemberCollectionViewCell.swift */; };
		0302D9C5231912E800DE7921 /* ShowAddSegue.swift in Sources */ = {isa = PBXBuildFile; fileRef = 0302D9C4231912E800DE7921 /* ShowAddSegue.swift */; };
		03C1A540231662D9008EAB76 /* AppDelegate.swift in Sources */ = {isa = PBXBuildFile; fileRef = 03C1A53F231662D9008EAB76 /* AppDelegate.swift */; };
		03C1A542231662D9008EAB76 /* ViewController.swift in Sources */ = {isa = PBXBuildFile; fileRef = 03C1A541231662D9008EAB76 /* ViewController.swift */; };
		03C1A545231662D9008EAB76 /* Main.storyboard in Resources */ = {isa = PBXBuildFile; fileRef = 03C1A543231662D9008EAB76 /* Main.storyboard */; };
		03C1A548231662D9008EAB76 /* HouseworkRevolution.xcdatamodeld in Sources */ = {isa = PBXBuildFile; fileRef = 03C1A546231662D9008EAB76 /* HouseworkRevolution.xcdatamodeld */; };
		03C1A54A231662DA008EAB76 /* Assets.xcassets in Resources */ = {isa = PBXBuildFile; fileRef = 03C1A549231662DA008EAB76 /* Assets.xcassets */; };
		03C1A54D231662DA008EAB76 /* LaunchScreen.storyboard in Resources */ = {isa = PBXBuildFile; fileRef = 03C1A54B231662DA008EAB76 /* LaunchScreen.storyboard */; };
		03C1A558231662DA008EAB76 /* HouseworkRevolutionTests.swift in Sources */ = {isa = PBXBuildFile; fileRef = 03C1A557231662DA008EAB76 /* HouseworkRevolutionTests.swift */; };
		03C1A566231664DE008EAB76 /* List.storyboard in Resources */ = {isa = PBXBuildFile; fileRef = 03C1A565231664DE008EAB76 /* List.storyboard */; };
		03C1A56823166518008EAB76 /* Mission.storyboard in Resources */ = {isa = PBXBuildFile; fileRef = 03C1A56723166518008EAB76 /* Mission.storyboard */; };
		03C1A56A2316652F008EAB76 /* Wish.storyboard in Resources */ = {isa = PBXBuildFile; fileRef = 03C1A5692316652F008EAB76 /* Wish.storyboard */; };
		03C1A56C23166544008EAB76 /* Family.storyboard in Resources */ = {isa = PBXBuildFile; fileRef = 03C1A56B23166544008EAB76 /* Family.storyboard */; };
		03C1A56E23166557008EAB76 /* Auth.storyboard in Resources */ = {isa = PBXBuildFile; fileRef = 03C1A56D23166557008EAB76 /* Auth.storyboard */; };
		03C1A5702316658D008EAB76 /* TabBarController.swift in Sources */ = {isa = PBXBuildFile; fileRef = 03C1A56F2316658D008EAB76 /* TabBarController.swift */; };
		03C1A5732316660D008EAB76 /* UIStoryboard+Extension.swift in Sources */ = {isa = PBXBuildFile; fileRef = 03C1A5722316660D008EAB76 /* UIStoryboard+Extension.swift */; };
		03C1A577231668B7008EAB76 /* AuthViewController.swift in Sources */ = {isa = PBXBuildFile; fileRef = 03C1A576231668B7008EAB76 /* AuthViewController.swift */; };
		03C1A57A23167436008EAB76 /* WeekdaySelectionView.swift in Sources */ = {isa = PBXBuildFile; fileRef = 03C1A57923167436008EAB76 /* WeekdaySelectionView.swift */; };
		03C1A57E23167CED008EAB76 /* WeekdaySelectionView.xib in Resources */ = {isa = PBXBuildFile; fileRef = 03C1A57D23167CED008EAB76 /* WeekdaySelectionView.xib */; };
		03C1A58023167F82008EAB76 /* UIView+Extension.swift in Sources */ = {isa = PBXBuildFile; fileRef = 03C1A57F23167F82008EAB76 /* UIView+Extension.swift */; };
		03C1A5832316908D008EAB76 /* NameCallCollectionViewCell.swift in Sources */ = {isa = PBXBuildFile; fileRef = 03C1A5822316908D008EAB76 /* NameCallCollectionViewCell.swift */; };
		03C1A58D2317A2EB008EAB76 /* MissionViewController.swift in Sources */ = {isa = PBXBuildFile; fileRef = 03C1A58C2317A2EB008EAB76 /* MissionViewController.swift */; };
		03C1A58F2317C6D2008EAB76 /* AddMissionViewController.swift in Sources */ = {isa = PBXBuildFile; fileRef = 03C1A58E2317C6D2008EAB76 /* AddMissionViewController.swift */; };
		03C1A5912317C6E7008EAB76 /* CheckMissionViewController.swift in Sources */ = {isa = PBXBuildFile; fileRef = 03C1A5902317C6E7008EAB76 /* CheckMissionViewController.swift */; };
		03C1A5942318C7A3008EAB76 /* Weekday.swift in Sources */ = {isa = PBXBuildFile; fileRef = 03C1A5932318C7A3008EAB76 /* Weekday.swift */; };
		03C1A5962318D287008EAB76 /* UserInputTextField.swift in Sources */ = {isa = PBXBuildFile; fileRef = 03C1A5952318D287008EAB76 /* UserInputTextField.swift */; };
		03C1A59C2318F059008EAB76 /* UIImage+Extension.swift in Sources */ = {isa = PBXBuildFile; fileRef = 03C1A59B2318F059008EAB76 /* UIImage+Extension.swift */; };
		03C1A59E2318F147008EAB76 /* UIColor+ Extension.swift in Sources */ = {isa = PBXBuildFile; fileRef = 03C1A59D2318F147008EAB76 /* UIColor+ Extension.swift */; };
		13C2546C9B3D4DD77EDFFF43 /* Pods_HouseworkRevolution.framework in Frameworks */ = {isa = PBXBuildFile; fileRef = 1493339683728FA72397E709 /* Pods_HouseworkRevolution.framework */; };
		A426424894EE163385C27B85 /* Pods_HouseworkRevolutionTests.framework in Frameworks */ = {isa = PBXBuildFile; fileRef = 768DABA652B8C169712D5223 /* Pods_HouseworkRevolutionTests.framework */; };
/* End PBXBuildFile section */

/* Begin PBXContainerItemProxy section */
		03C1A554231662DA008EAB76 /* PBXContainerItemProxy */ = {
			isa = PBXContainerItemProxy;
			containerPortal = 03C1A534231662D9008EAB76 /* Project object */;
			proxyType = 1;
			remoteGlobalIDString = 03C1A53B231662D9008EAB76;
			remoteInfo = HouseworkRevolution;
		};
/* End PBXContainerItemProxy section */

/* Begin PBXFileReference section */
		0302D9C02318FBC800DE7921 /* HouseworkCollectionViewCell.swift */ = {isa = PBXFileReference; lastKnownFileType = sourcecode.swift; path = HouseworkCollectionViewCell.swift; sourceTree = "<group>"; };
		0302D9C22318FBE900DE7921 /* FamilyMemberCollectionViewCell.swift */ = {isa = PBXFileReference; lastKnownFileType = sourcecode.swift; path = FamilyMemberCollectionViewCell.swift; sourceTree = "<group>"; };
		0302D9C4231912E800DE7921 /* ShowAddSegue.swift */ = {isa = PBXFileReference; lastKnownFileType = sourcecode.swift; path = ShowAddSegue.swift; sourceTree = "<group>"; };
		03C1A53C231662D9008EAB76 /* HouseworkRevolution.app */ = {isa = PBXFileReference; explicitFileType = wrapper.application; includeInIndex = 0; path = HouseworkRevolution.app; sourceTree = BUILT_PRODUCTS_DIR; };
		03C1A53F231662D9008EAB76 /* AppDelegate.swift */ = {isa = PBXFileReference; lastKnownFileType = sourcecode.swift; path = AppDelegate.swift; sourceTree = "<group>"; };
		03C1A541231662D9008EAB76 /* ViewController.swift */ = {isa = PBXFileReference; lastKnownFileType = sourcecode.swift; path = ViewController.swift; sourceTree = "<group>"; };
		03C1A544231662D9008EAB76 /* Base */ = {isa = PBXFileReference; lastKnownFileType = file.storyboard; name = Base; path = Base.lproj/Main.storyboard; sourceTree = "<group>"; };
		03C1A547231662D9008EAB76 /* HouseworkRevolution.xcdatamodel */ = {isa = PBXFileReference; lastKnownFileType = wrapper.xcdatamodel; path = HouseworkRevolution.xcdatamodel; sourceTree = "<group>"; };
		03C1A549231662DA008EAB76 /* Assets.xcassets */ = {isa = PBXFileReference; lastKnownFileType = folder.assetcatalog; path = Assets.xcassets; sourceTree = "<group>"; };
		03C1A54C231662DA008EAB76 /* Base */ = {isa = PBXFileReference; lastKnownFileType = file.storyboard; name = Base; path = Base.lproj/LaunchScreen.storyboard; sourceTree = "<group>"; };
		03C1A54E231662DA008EAB76 /* Info.plist */ = {isa = PBXFileReference; lastKnownFileType = text.plist.xml; path = Info.plist; sourceTree = "<group>"; };
		03C1A553231662DA008EAB76 /* HouseworkRevolutionTests.xctest */ = {isa = PBXFileReference; explicitFileType = wrapper.cfbundle; includeInIndex = 0; path = HouseworkRevolutionTests.xctest; sourceTree = BUILT_PRODUCTS_DIR; };
		03C1A557231662DA008EAB76 /* HouseworkRevolutionTests.swift */ = {isa = PBXFileReference; lastKnownFileType = sourcecode.swift; path = HouseworkRevolutionTests.swift; sourceTree = "<group>"; };
		03C1A559231662DA008EAB76 /* Info.plist */ = {isa = PBXFileReference; lastKnownFileType = text.plist.xml; path = Info.plist; sourceTree = "<group>"; };
		03C1A565231664DE008EAB76 /* List.storyboard */ = {isa = PBXFileReference; lastKnownFileType = file.storyboard; path = List.storyboard; sourceTree = "<group>"; };
		03C1A56723166518008EAB76 /* Mission.storyboard */ = {isa = PBXFileReference; lastKnownFileType = file.storyboard; path = Mission.storyboard; sourceTree = "<group>"; };
		03C1A5692316652F008EAB76 /* Wish.storyboard */ = {isa = PBXFileReference; lastKnownFileType = file.storyboard; path = Wish.storyboard; sourceTree = "<group>"; };
		03C1A56B23166544008EAB76 /* Family.storyboard */ = {isa = PBXFileReference; lastKnownFileType = file.storyboard; path = Family.storyboard; sourceTree = "<group>"; };
		03C1A56D23166557008EAB76 /* Auth.storyboard */ = {isa = PBXFileReference; lastKnownFileType = file.storyboard; path = Auth.storyboard; sourceTree = "<group>"; };
		03C1A56F2316658D008EAB76 /* TabBarController.swift */ = {isa = PBXFileReference; lastKnownFileType = sourcecode.swift; path = TabBarController.swift; sourceTree = "<group>"; };
		03C1A5722316660D008EAB76 /* UIStoryboard+Extension.swift */ = {isa = PBXFileReference; lastKnownFileType = sourcecode.swift; path = "UIStoryboard+Extension.swift"; sourceTree = "<group>"; };
		03C1A576231668B7008EAB76 /* AuthViewController.swift */ = {isa = PBXFileReference; lastKnownFileType = sourcecode.swift; path = AuthViewController.swift; sourceTree = "<group>"; };
		03C1A57923167436008EAB76 /* WeekdaySelectionView.swift */ = {isa = PBXFileReference; lastKnownFileType = sourcecode.swift; path = WeekdaySelectionView.swift; sourceTree = "<group>"; };
		03C1A57D23167CED008EAB76 /* WeekdaySelectionView.xib */ = {isa = PBXFileReference; lastKnownFileType = file.xib; path = WeekdaySelectionView.xib; sourceTree = "<group>"; };
		03C1A57F23167F82008EAB76 /* UIView+Extension.swift */ = {isa = PBXFileReference; lastKnownFileType = sourcecode.swift; path = "UIView+Extension.swift"; sourceTree = "<group>"; };
		03C1A5822316908D008EAB76 /* NameCallCollectionViewCell.swift */ = {isa = PBXFileReference; lastKnownFileType = sourcecode.swift; path = NameCallCollectionViewCell.swift; sourceTree = "<group>"; };
		03C1A58C2317A2EB008EAB76 /* MissionViewController.swift */ = {isa = PBXFileReference; lastKnownFileType = sourcecode.swift; path = MissionViewController.swift; sourceTree = "<group>"; };
		03C1A58E2317C6D2008EAB76 /* AddMissionViewController.swift */ = {isa = PBXFileReference; lastKnownFileType = sourcecode.swift; path = AddMissionViewController.swift; sourceTree = "<group>"; };
		03C1A5902317C6E7008EAB76 /* CheckMissionViewController.swift */ = {isa = PBXFileReference; lastKnownFileType = sourcecode.swift; path = CheckMissionViewController.swift; sourceTree = "<group>"; };
		03C1A5932318C7A3008EAB76 /* Weekday.swift */ = {isa = PBXFileReference; lastKnownFileType = sourcecode.swift; path = Weekday.swift; sourceTree = "<group>"; };
		03C1A5952318D287008EAB76 /* UserInputTextField.swift */ = {isa = PBXFileReference; lastKnownFileType = sourcecode.swift; path = UserInputTextField.swift; sourceTree = "<group>"; };
		03C1A59B2318F059008EAB76 /* UIImage+Extension.swift */ = {isa = PBXFileReference; lastKnownFileType = sourcecode.swift; path = "UIImage+Extension.swift"; sourceTree = "<group>"; };
		03C1A59D2318F147008EAB76 /* UIColor+ Extension.swift */ = {isa = PBXFileReference; lastKnownFileType = sourcecode.swift; path = "UIColor+ Extension.swift"; sourceTree = "<group>"; };
		1493339683728FA72397E709 /* Pods_HouseworkRevolution.framework */ = {isa = PBXFileReference; explicitFileType = wrapper.framework; includeInIndex = 0; path = Pods_HouseworkRevolution.framework; sourceTree = BUILT_PRODUCTS_DIR; };
		282E80C58DF6B1DB0CB6F4EB /* Pods-HouseworkRevolutionTests.debug.xcconfig */ = {isa = PBXFileReference; includeInIndex = 1; lastKnownFileType = text.xcconfig; name = "Pods-HouseworkRevolutionTests.debug.xcconfig"; path = "Target Support Files/Pods-HouseworkRevolutionTests/Pods-HouseworkRevolutionTests.debug.xcconfig"; sourceTree = "<group>"; };
		768DABA652B8C169712D5223 /* Pods_HouseworkRevolutionTests.framework */ = {isa = PBXFileReference; explicitFileType = wrapper.framework; includeInIndex = 0; path = Pods_HouseworkRevolutionTests.framework; sourceTree = BUILT_PRODUCTS_DIR; };
		7AF5797D81AC8C443CE30B21 /* Pods-HouseworkRevolutionTests.release.xcconfig */ = {isa = PBXFileReference; includeInIndex = 1; lastKnownFileType = text.xcconfig; name = "Pods-HouseworkRevolutionTests.release.xcconfig"; path = "Target Support Files/Pods-HouseworkRevolutionTests/Pods-HouseworkRevolutionTests.release.xcconfig"; sourceTree = "<group>"; };
		BFC62AE0B2CBB8382B293A4E /* Pods-HouseworkRevolution.debug.xcconfig */ = {isa = PBXFileReference; includeInIndex = 1; lastKnownFileType = text.xcconfig; name = "Pods-HouseworkRevolution.debug.xcconfig"; path = "Target Support Files/Pods-HouseworkRevolution/Pods-HouseworkRevolution.debug.xcconfig"; sourceTree = "<group>"; };
		C3B112AE115369AD6E6092D6 /* Pods-HouseworkRevolution.release.xcconfig */ = {isa = PBXFileReference; includeInIndex = 1; lastKnownFileType = text.xcconfig; name = "Pods-HouseworkRevolution.release.xcconfig"; path = "Target Support Files/Pods-HouseworkRevolution/Pods-HouseworkRevolution.release.xcconfig"; sourceTree = "<group>"; };
/* End PBXFileReference section */

/* Begin PBXFrameworksBuildPhase section */
		03C1A539231662D9008EAB76 /* Frameworks */ = {
			isa = PBXFrameworksBuildPhase;
			buildActionMask = 2147483647;
			files = (
				13C2546C9B3D4DD77EDFFF43 /* Pods_HouseworkRevolution.framework in Frameworks */,
			);
			runOnlyForDeploymentPostprocessing = 0;
		};
		03C1A550231662DA008EAB76 /* Frameworks */ = {
			isa = PBXFrameworksBuildPhase;
			buildActionMask = 2147483647;
			files = (
				A426424894EE163385C27B85 /* Pods_HouseworkRevolutionTests.framework in Frameworks */,
			);
			runOnlyForDeploymentPostprocessing = 0;
		};
/* End PBXFrameworksBuildPhase section */

/* Begin PBXGroup section */
		0302D9BE2318FB7800DE7921 /* FamilyMember */ = {
			isa = PBXGroup;
			children = (
				0302D9C22318FBE900DE7921 /* FamilyMemberCollectionViewCell.swift */,
			);
			path = FamilyMember;
			sourceTree = "<group>";
		};
		0302D9BF2318FB9C00DE7921 /* Houseworks */ = {
			isa = PBXGroup;
			children = (
				0302D9C02318FBC800DE7921 /* HouseworkCollectionViewCell.swift */,
			);
			path = Houseworks;
			sourceTree = "<group>";
		};
		0302D9C6231912EF00DE7921 /* CustomSegue */ = {
			isa = PBXGroup;
			children = (
				0302D9C4231912E800DE7921 /* ShowAddSegue.swift */,
			);
			path = CustomSegue;
			sourceTree = "<group>";
		};
		03C1A533231662D9008EAB76 = {
			isa = PBXGroup;
			children = (
				03C1A53E231662D9008EAB76 /* HouseworkRevolution */,
				03C1A556231662DA008EAB76 /* HouseworkRevolutionTests */,
				03C1A53D231662D9008EAB76 /* Products */,
				C57C404516EA895692B1C48B /* Pods */,
				2FF63852DA9196A7B69A8A6D /* Frameworks */,
			);
			sourceTree = "<group>";
		};
		03C1A53D231662D9008EAB76 /* Products */ = {
			isa = PBXGroup;
			children = (
				03C1A53C231662D9008EAB76 /* HouseworkRevolution.app */,
				03C1A553231662DA008EAB76 /* HouseworkRevolutionTests.xctest */,
			);
			name = Products;
			sourceTree = "<group>";
		};
		03C1A53E231662D9008EAB76 /* HouseworkRevolution */ = {
			isa = PBXGroup;
			children = (
				03C1A58423177103008EAB76 /* Model */,
				03C1A578231672AE008EAB76 /* Views */,
				03C1A563231664BC008EAB76 /* Controllers */,
				03C1A543231662D9008EAB76 /* Main.storyboard */,
				03C1A565231664DE008EAB76 /* List.storyboard */,
				03C1A56723166518008EAB76 /* Mission.storyboard */,
				03C1A5692316652F008EAB76 /* Wish.storyboard */,
				03C1A56B23166544008EAB76 /* Family.storyboard */,
				03C1A56D23166557008EAB76 /* Auth.storyboard */,
				03C1A54B231662DA008EAB76 /* LaunchScreen.storyboard */,
				03C1A571231665F3008EAB76 /* Extension */,
				03C1A53F231662D9008EAB76 /* AppDelegate.swift */,
				03C1A549231662DA008EAB76 /* Assets.xcassets */,
				03C1A541231662D9008EAB76 /* ViewController.swift */,
				03C1A54E231662DA008EAB76 /* Info.plist */,
				03C1A546231662D9008EAB76 /* HouseworkRevolution.xcdatamodeld */,
			);
			path = HouseworkRevolution;
			sourceTree = "<group>";
		};
		03C1A556231662DA008EAB76 /* HouseworkRevolutionTests */ = {
			isa = PBXGroup;
			children = (
				03C1A557231662DA008EAB76 /* HouseworkRevolutionTests.swift */,
				03C1A559231662DA008EAB76 /* Info.plist */,
			);
			path = HouseworkRevolutionTests;
			sourceTree = "<group>";
		};
		03C1A563231664BC008EAB76 /* Controllers */ = {
			isa = PBXGroup;
			children = (
				0302D9C6231912EF00DE7921 /* CustomSegue */,
				03C1A58B2317A256008EAB76 /* Mission */,
				03C1A575231668A1008EAB76 /* Auth */,
				03C1A564231664C9008EAB76 /* TabBar */,
			);
			path = Controllers;
			sourceTree = "<group>";
		};
		03C1A564231664C9008EAB76 /* TabBar */ = {
			isa = PBXGroup;
			children = (
				03C1A56F2316658D008EAB76 /* TabBarController.swift */,
			);
			path = TabBar;
			sourceTree = "<group>";
		};
		03C1A571231665F3008EAB76 /* Extension */ = {
			isa = PBXGroup;
			children = (
				03C1A5722316660D008EAB76 /* UIStoryboard+Extension.swift */,
				03C1A57F23167F82008EAB76 /* UIView+Extension.swift */,
				03C1A59B2318F059008EAB76 /* UIImage+Extension.swift */,
				03C1A59D2318F147008EAB76 /* UIColor+ Extension.swift */,
			);
			path = Extension;
			sourceTree = "<group>";
		};
		03C1A575231668A1008EAB76 /* Auth */ = {
			isa = PBXGroup;
			children = (
				03C1A576231668B7008EAB76 /* AuthViewController.swift */,
			);
			path = Auth;
			sourceTree = "<group>";
		};
		03C1A578231672AE008EAB76 /* Views */ = {
			isa = PBXGroup;
			children = (
				0302D9BF2318FB9C00DE7921 /* Houseworks */,
				0302D9BE2318FB7800DE7921 /* FamilyMember */,
				03C1A5952318D287008EAB76 /* UserInputTextField.swift */,
				03C1A5922317D711008EAB76 /* WeekDay */,
				03C1A58123168D72008EAB76 /* NameCall */,
			);
			path = Views;
			sourceTree = "<group>";
		};
		03C1A58123168D72008EAB76 /* NameCall */ = {
			isa = PBXGroup;
			children = (
				03C1A5822316908D008EAB76 /* NameCallCollectionViewCell.swift */,
			);
			path = NameCall;
			sourceTree = "<group>";
		};
		03C1A58423177103008EAB76 /* Model */ = {
			isa = PBXGroup;
			children = (
				03C1A5932318C7A3008EAB76 /* Weekday.swift */,
			);
			path = Model;
			sourceTree = "<group>";
		};
		03C1A58B2317A256008EAB76 /* Mission */ = {
			isa = PBXGroup;
			children = (
				03C1A58C2317A2EB008EAB76 /* MissionViewController.swift */,
				03C1A58E2317C6D2008EAB76 /* AddMissionViewController.swift */,
				03C1A5902317C6E7008EAB76 /* CheckMissionViewController.swift */,
			);
			path = Mission;
			sourceTree = "<group>";
		};
		03C1A5922317D711008EAB76 /* WeekDay */ = {
			isa = PBXGroup;
			children = (
				03C1A57923167436008EAB76 /* WeekdaySelectionView.swift */,
				03C1A57D23167CED008EAB76 /* WeekdaySelectionView.xib */,
			);
			path = WeekDay;
			sourceTree = "<group>";
		};
		2FF63852DA9196A7B69A8A6D /* Frameworks */ = {
			isa = PBXGroup;
			children = (
				1493339683728FA72397E709 /* Pods_HouseworkRevolution.framework */,
				768DABA652B8C169712D5223 /* Pods_HouseworkRevolutionTests.framework */,
			);
			name = Frameworks;
			sourceTree = "<group>";
		};
		C57C404516EA895692B1C48B /* Pods */ = {
			isa = PBXGroup;
			children = (
				BFC62AE0B2CBB8382B293A4E /* Pods-HouseworkRevolution.debug.xcconfig */,
				C3B112AE115369AD6E6092D6 /* Pods-HouseworkRevolution.release.xcconfig */,
				282E80C58DF6B1DB0CB6F4EB /* Pods-HouseworkRevolutionTests.debug.xcconfig */,
				7AF5797D81AC8C443CE30B21 /* Pods-HouseworkRevolutionTests.release.xcconfig */,
			);
			path = Pods;
			sourceTree = "<group>";
		};
/* End PBXGroup section */

/* Begin PBXNativeTarget section */
		03C1A53B231662D9008EAB76 /* HouseworkRevolution */ = {
			isa = PBXNativeTarget;
			buildConfigurationList = 03C1A55C231662DA008EAB76 /* Build configuration list for PBXNativeTarget "HouseworkRevolution" */;
			buildPhases = (
				53B5FB76026C6D50F7EA22C9 /* [CP] Check Pods Manifest.lock */,
				03C1A538231662D9008EAB76 /* Sources */,
				03C1A539231662D9008EAB76 /* Frameworks */,
				03C1A53A231662D9008EAB76 /* Resources */,
				03C1A56223166357008EAB76 /* ShellScript */,
				AF660D0D3595FABBBB399887 /* [CP] Embed Pods Frameworks */,
			);
			buildRules = (
			);
			dependencies = (
			);
			name = HouseworkRevolution;
			productName = HouseworkRevolution;
			productReference = 03C1A53C231662D9008EAB76 /* HouseworkRevolution.app */;
			productType = "com.apple.product-type.application";
		};
		03C1A552231662DA008EAB76 /* HouseworkRevolutionTests */ = {
			isa = PBXNativeTarget;
			buildConfigurationList = 03C1A55F231662DA008EAB76 /* Build configuration list for PBXNativeTarget "HouseworkRevolutionTests" */;
			buildPhases = (
				6DC527A6DF4C4347CE547085 /* [CP] Check Pods Manifest.lock */,
				03C1A54F231662DA008EAB76 /* Sources */,
				03C1A550231662DA008EAB76 /* Frameworks */,
				03C1A551231662DA008EAB76 /* Resources */,
			);
			buildRules = (
			);
			dependencies = (
				03C1A555231662DA008EAB76 /* PBXTargetDependency */,
			);
			name = HouseworkRevolutionTests;
			productName = HouseworkRevolutionTests;
			productReference = 03C1A553231662DA008EAB76 /* HouseworkRevolutionTests.xctest */;
			productType = "com.apple.product-type.bundle.unit-test";
		};
/* End PBXNativeTarget section */

/* Begin PBXProject section */
		03C1A534231662D9008EAB76 /* Project object */ = {
			isa = PBXProject;
			attributes = {
				LastSwiftUpdateCheck = 1020;
				LastUpgradeCheck = 1020;
				ORGANIZATIONNAME = "Sylvia Jia Fen ";
				TargetAttributes = {
					03C1A53B231662D9008EAB76 = {
						CreatedOnToolsVersion = 10.2.1;
					};
					03C1A552231662DA008EAB76 = {
						CreatedOnToolsVersion = 10.2.1;
						TestTargetID = 03C1A53B231662D9008EAB76;
					};
				};
			};
			buildConfigurationList = 03C1A537231662D9008EAB76 /* Build configuration list for PBXProject "HouseworkRevolution" */;
			compatibilityVersion = "Xcode 9.3";
			developmentRegion = en;
			hasScannedForEncodings = 0;
			knownRegions = (
				en,
				Base,
			);
			mainGroup = 03C1A533231662D9008EAB76;
			productRefGroup = 03C1A53D231662D9008EAB76 /* Products */;
			projectDirPath = "";
			projectRoot = "";
			targets = (
				03C1A53B231662D9008EAB76 /* HouseworkRevolution */,
				03C1A552231662DA008EAB76 /* HouseworkRevolutionTests */,
			);
		};
/* End PBXProject section */

/* Begin PBXResourcesBuildPhase section */
		03C1A53A231662D9008EAB76 /* Resources */ = {
			isa = PBXResourcesBuildPhase;
			buildActionMask = 2147483647;
			files = (
				03C1A56E23166557008EAB76 /* Auth.storyboard in Resources */,
				03C1A54D231662DA008EAB76 /* LaunchScreen.storyboard in Resources */,
				03C1A56A2316652F008EAB76 /* Wish.storyboard in Resources */,
				03C1A57E23167CED008EAB76 /* WeekdaySelectionView.xib in Resources */,
				03C1A56C23166544008EAB76 /* Family.storyboard in Resources */,
				03C1A54A231662DA008EAB76 /* Assets.xcassets in Resources */,
				03C1A566231664DE008EAB76 /* List.storyboard in Resources */,
				03C1A56823166518008EAB76 /* Mission.storyboard in Resources */,
				03C1A545231662D9008EAB76 /* Main.storyboard in Resources */,
			);
			runOnlyForDeploymentPostprocessing = 0;
		};
		03C1A551231662DA008EAB76 /* Resources */ = {
			isa = PBXResourcesBuildPhase;
			buildActionMask = 2147483647;
			files = (
			);
			runOnlyForDeploymentPostprocessing = 0;
		};
/* End PBXResourcesBuildPhase section */

/* Begin PBXShellScriptBuildPhase section */
		03C1A56223166357008EAB76 /* ShellScript */ = {
			isa = PBXShellScriptBuildPhase;
			buildActionMask = 2147483647;
			files = (
			);
			inputFileListPaths = (
			);
			inputPaths = (
			);
			outputFileListPaths = (
			);
			outputPaths = (
			);
			runOnlyForDeploymentPostprocessing = 0;
			shellPath = /bin/sh;
			shellScript = "\"${PODS_ROOT}/SwiftLint/swiftlint\"\n";
		};
		53B5FB76026C6D50F7EA22C9 /* [CP] Check Pods Manifest.lock */ = {
			isa = PBXShellScriptBuildPhase;
			buildActionMask = 2147483647;
			files = (
			);
			inputFileListPaths = (
			);
			inputPaths = (
				"${PODS_PODFILE_DIR_PATH}/Podfile.lock",
				"${PODS_ROOT}/Manifest.lock",
			);
			name = "[CP] Check Pods Manifest.lock";
			outputFileListPaths = (
			);
			outputPaths = (
				"$(DERIVED_FILE_DIR)/Pods-HouseworkRevolution-checkManifestLockResult.txt",
			);
			runOnlyForDeploymentPostprocessing = 0;
			shellPath = /bin/sh;
			shellScript = "diff \"${PODS_PODFILE_DIR_PATH}/Podfile.lock\" \"${PODS_ROOT}/Manifest.lock\" > /dev/null\nif [ $? != 0 ] ; then\n    # print error to STDERR\n    echo \"error: The sandbox is not in sync with the Podfile.lock. Run 'pod install' or update your CocoaPods installation.\" >&2\n    exit 1\nfi\n# This output is used by Xcode 'outputs' to avoid re-running this script phase.\necho \"SUCCESS\" > \"${SCRIPT_OUTPUT_FILE_0}\"\n";
			showEnvVarsInLog = 0;
		};
		6DC527A6DF4C4347CE547085 /* [CP] Check Pods Manifest.lock */ = {
			isa = PBXShellScriptBuildPhase;
			buildActionMask = 2147483647;
			files = (
			);
			inputFileListPaths = (
			);
			inputPaths = (
				"${PODS_PODFILE_DIR_PATH}/Podfile.lock",
				"${PODS_ROOT}/Manifest.lock",
			);
			name = "[CP] Check Pods Manifest.lock";
			outputFileListPaths = (
			);
			outputPaths = (
				"$(DERIVED_FILE_DIR)/Pods-HouseworkRevolutionTests-checkManifestLockResult.txt",
			);
			runOnlyForDeploymentPostprocessing = 0;
			shellPath = /bin/sh;
			shellScript = "diff \"${PODS_PODFILE_DIR_PATH}/Podfile.lock\" \"${PODS_ROOT}/Manifest.lock\" > /dev/null\nif [ $? != 0 ] ; then\n    # print error to STDERR\n    echo \"error: The sandbox is not in sync with the Podfile.lock. Run 'pod install' or update your CocoaPods installation.\" >&2\n    exit 1\nfi\n# This output is used by Xcode 'outputs' to avoid re-running this script phase.\necho \"SUCCESS\" > \"${SCRIPT_OUTPUT_FILE_0}\"\n";
			showEnvVarsInLog = 0;
		};
		AF660D0D3595FABBBB399887 /* [CP] Embed Pods Frameworks */ = {
			isa = PBXShellScriptBuildPhase;
			buildActionMask = 2147483647;
			files = (
			);
			inputFileListPaths = (
				"${PODS_ROOT}/Target Support Files/Pods-HouseworkRevolution/Pods-HouseworkRevolution-frameworks-${CONFIGURATION}-input-files.xcfilelist",
			);
			name = "[CP] Embed Pods Frameworks";
			outputFileListPaths = (
				"${PODS_ROOT}/Target Support Files/Pods-HouseworkRevolution/Pods-HouseworkRevolution-frameworks-${CONFIGURATION}-output-files.xcfilelist",
			);
			runOnlyForDeploymentPostprocessing = 0;
			shellPath = /bin/sh;
			shellScript = "\"${PODS_ROOT}/Target Support Files/Pods-HouseworkRevolution/Pods-HouseworkRevolution-frameworks.sh\"\n";
			showEnvVarsInLog = 0;
		};
/* End PBXShellScriptBuildPhase section */

/* Begin PBXSourcesBuildPhase section */
		03C1A538231662D9008EAB76 /* Sources */ = {
			isa = PBXSourcesBuildPhase;
			buildActionMask = 2147483647;
			files = (
				0302D9C12318FBC800DE7921 /* HouseworkCollectionViewCell.swift in Sources */,
				03C1A542231662D9008EAB76 /* ViewController.swift in Sources */,
				03C1A5702316658D008EAB76 /* TabBarController.swift in Sources */,
				03C1A540231662D9008EAB76 /* AppDelegate.swift in Sources */,
				03C1A57A23167436008EAB76 /* WeekdaySelectionView.swift in Sources */,
				03C1A58023167F82008EAB76 /* UIView+Extension.swift in Sources */,
				03C1A548231662D9008EAB76 /* HouseworkRevolution.xcdatamodeld in Sources */,
				0302D9C5231912E800DE7921 /* ShowAddSegue.swift in Sources */,
				03C1A577231668B7008EAB76 /* AuthViewController.swift in Sources */,
				03C1A5832316908D008EAB76 /* NameCallCollectionViewCell.swift in Sources */,
				03C1A59E2318F147008EAB76 /* UIColor+ Extension.swift in Sources */,
				0302D9C32318FBE900DE7921 /* FamilyMemberCollectionViewCell.swift in Sources */,
				03C1A5912317C6E7008EAB76 /* CheckMissionViewController.swift in Sources */,
				03C1A58F2317C6D2008EAB76 /* AddMissionViewController.swift in Sources */,
				03C1A5942318C7A3008EAB76 /* Weekday.swift in Sources */,
				03C1A5962318D287008EAB76 /* UserInputTextField.swift in Sources */,
				03C1A59C2318F059008EAB76 /* UIImage+Extension.swift in Sources */,
				03C1A5732316660D008EAB76 /* UIStoryboard+Extension.swift in Sources */,
				03C1A58D2317A2EB008EAB76 /* MissionViewController.swift in Sources */,
			);
			runOnlyForDeploymentPostprocessing = 0;
		};
		03C1A54F231662DA008EAB76 /* Sources */ = {
			isa = PBXSourcesBuildPhase;
			buildActionMask = 2147483647;
			files = (
				03C1A558231662DA008EAB76 /* HouseworkRevolutionTests.swift in Sources */,
			);
			runOnlyForDeploymentPostprocessing = 0;
		};
/* End PBXSourcesBuildPhase section */

/* Begin PBXTargetDependency section */
		03C1A555231662DA008EAB76 /* PBXTargetDependency */ = {
			isa = PBXTargetDependency;
			target = 03C1A53B231662D9008EAB76 /* HouseworkRevolution */;
			targetProxy = 03C1A554231662DA008EAB76 /* PBXContainerItemProxy */;
		};
/* End PBXTargetDependency section */

/* Begin PBXVariantGroup section */
		03C1A543231662D9008EAB76 /* Main.storyboard */ = {
			isa = PBXVariantGroup;
			children = (
				03C1A544231662D9008EAB76 /* Base */,
			);
			name = Main.storyboard;
			sourceTree = "<group>";
		};
		03C1A54B231662DA008EAB76 /* LaunchScreen.storyboard */ = {
			isa = PBXVariantGroup;
			children = (
				03C1A54C231662DA008EAB76 /* Base */,
			);
			name = LaunchScreen.storyboard;
			sourceTree = "<group>";
		};
/* End PBXVariantGroup section */

/* Begin XCBuildConfiguration section */
		03C1A55A231662DA008EAB76 /* Debug */ = {
			isa = XCBuildConfiguration;
			buildSettings = {
				ALWAYS_SEARCH_USER_PATHS = NO;
				CLANG_ANALYZER_NONNULL = YES;
				CLANG_ANALYZER_NUMBER_OBJECT_CONVERSION = YES_AGGRESSIVE;
				CLANG_CXX_LANGUAGE_STANDARD = "gnu++14";
				CLANG_CXX_LIBRARY = "libc++";
				CLANG_ENABLE_MODULES = YES;
				CLANG_ENABLE_OBJC_ARC = YES;
				CLANG_ENABLE_OBJC_WEAK = YES;
				CLANG_WARN_BLOCK_CAPTURE_AUTORELEASING = YES;
				CLANG_WARN_BOOL_CONVERSION = YES;
				CLANG_WARN_COMMA = YES;
				CLANG_WARN_CONSTANT_CONVERSION = YES;
				CLANG_WARN_DEPRECATED_OBJC_IMPLEMENTATIONS = YES;
				CLANG_WARN_DIRECT_OBJC_ISA_USAGE = YES_ERROR;
				CLANG_WARN_DOCUMENTATION_COMMENTS = YES;
				CLANG_WARN_EMPTY_BODY = YES;
				CLANG_WARN_ENUM_CONVERSION = YES;
				CLANG_WARN_INFINITE_RECURSION = YES;
				CLANG_WARN_INT_CONVERSION = YES;
				CLANG_WARN_NON_LITERAL_NULL_CONVERSION = YES;
				CLANG_WARN_OBJC_IMPLICIT_RETAIN_SELF = YES;
				CLANG_WARN_OBJC_LITERAL_CONVERSION = YES;
				CLANG_WARN_OBJC_ROOT_CLASS = YES_ERROR;
				CLANG_WARN_RANGE_LOOP_ANALYSIS = YES;
				CLANG_WARN_STRICT_PROTOTYPES = YES;
				CLANG_WARN_SUSPICIOUS_MOVE = YES;
				CLANG_WARN_UNGUARDED_AVAILABILITY = YES_AGGRESSIVE;
				CLANG_WARN_UNREACHABLE_CODE = YES;
				CLANG_WARN__DUPLICATE_METHOD_MATCH = YES;
				CODE_SIGN_IDENTITY = "iPhone Developer";
				COPY_PHASE_STRIP = NO;
				DEBUG_INFORMATION_FORMAT = dwarf;
				ENABLE_STRICT_OBJC_MSGSEND = YES;
				ENABLE_TESTABILITY = YES;
				GCC_C_LANGUAGE_STANDARD = gnu11;
				GCC_DYNAMIC_NO_PIC = NO;
				GCC_NO_COMMON_BLOCKS = YES;
				GCC_OPTIMIZATION_LEVEL = 0;
				GCC_PREPROCESSOR_DEFINITIONS = (
					"DEBUG=1",
					"$(inherited)",
				);
				GCC_WARN_64_TO_32_BIT_CONVERSION = YES;
				GCC_WARN_ABOUT_RETURN_TYPE = YES_ERROR;
				GCC_WARN_UNDECLARED_SELECTOR = YES;
				GCC_WARN_UNINITIALIZED_AUTOS = YES_AGGRESSIVE;
				GCC_WARN_UNUSED_FUNCTION = YES;
				GCC_WARN_UNUSED_VARIABLE = YES;
				IPHONEOS_DEPLOYMENT_TARGET = 12.2;
				MTL_ENABLE_DEBUG_INFO = INCLUDE_SOURCE;
				MTL_FAST_MATH = YES;
				ONLY_ACTIVE_ARCH = YES;
				SDKROOT = iphoneos;
				SWIFT_ACTIVE_COMPILATION_CONDITIONS = DEBUG;
				SWIFT_OPTIMIZATION_LEVEL = "-Onone";
			};
			name = Debug;
		};
		03C1A55B231662DA008EAB76 /* Release */ = {
			isa = XCBuildConfiguration;
			buildSettings = {
				ALWAYS_SEARCH_USER_PATHS = NO;
				CLANG_ANALYZER_NONNULL = YES;
				CLANG_ANALYZER_NUMBER_OBJECT_CONVERSION = YES_AGGRESSIVE;
				CLANG_CXX_LANGUAGE_STANDARD = "gnu++14";
				CLANG_CXX_LIBRARY = "libc++";
				CLANG_ENABLE_MODULES = YES;
				CLANG_ENABLE_OBJC_ARC = YES;
				CLANG_ENABLE_OBJC_WEAK = YES;
				CLANG_WARN_BLOCK_CAPTURE_AUTORELEASING = YES;
				CLANG_WARN_BOOL_CONVERSION = YES;
				CLANG_WARN_COMMA = YES;
				CLANG_WARN_CONSTANT_CONVERSION = YES;
				CLANG_WARN_DEPRECATED_OBJC_IMPLEMENTATIONS = YES;
				CLANG_WARN_DIRECT_OBJC_ISA_USAGE = YES_ERROR;
				CLANG_WARN_DOCUMENTATION_COMMENTS = YES;
				CLANG_WARN_EMPTY_BODY = YES;
				CLANG_WARN_ENUM_CONVERSION = YES;
				CLANG_WARN_INFINITE_RECURSION = YES;
				CLANG_WARN_INT_CONVERSION = YES;
				CLANG_WARN_NON_LITERAL_NULL_CONVERSION = YES;
				CLANG_WARN_OBJC_IMPLICIT_RETAIN_SELF = YES;
				CLANG_WARN_OBJC_LITERAL_CONVERSION = YES;
				CLANG_WARN_OBJC_ROOT_CLASS = YES_ERROR;
				CLANG_WARN_RANGE_LOOP_ANALYSIS = YES;
				CLANG_WARN_STRICT_PROTOTYPES = YES;
				CLANG_WARN_SUSPICIOUS_MOVE = YES;
				CLANG_WARN_UNGUARDED_AVAILABILITY = YES_AGGRESSIVE;
				CLANG_WARN_UNREACHABLE_CODE = YES;
				CLANG_WARN__DUPLICATE_METHOD_MATCH = YES;
				CODE_SIGN_IDENTITY = "iPhone Developer";
				COPY_PHASE_STRIP = NO;
				DEBUG_INFORMATION_FORMAT = "dwarf-with-dsym";
				ENABLE_NS_ASSERTIONS = NO;
				ENABLE_STRICT_OBJC_MSGSEND = YES;
				GCC_C_LANGUAGE_STANDARD = gnu11;
				GCC_NO_COMMON_BLOCKS = YES;
				GCC_WARN_64_TO_32_BIT_CONVERSION = YES;
				GCC_WARN_ABOUT_RETURN_TYPE = YES_ERROR;
				GCC_WARN_UNDECLARED_SELECTOR = YES;
				GCC_WARN_UNINITIALIZED_AUTOS = YES_AGGRESSIVE;
				GCC_WARN_UNUSED_FUNCTION = YES;
				GCC_WARN_UNUSED_VARIABLE = YES;
				IPHONEOS_DEPLOYMENT_TARGET = 12.2;
				MTL_ENABLE_DEBUG_INFO = NO;
				MTL_FAST_MATH = YES;
				SDKROOT = iphoneos;
				SWIFT_COMPILATION_MODE = wholemodule;
				SWIFT_OPTIMIZATION_LEVEL = "-O";
				VALIDATE_PRODUCT = YES;
			};
			name = Release;
		};
		03C1A55D231662DA008EAB76 /* Debug */ = {
			isa = XCBuildConfiguration;
			baseConfigurationReference = BFC62AE0B2CBB8382B293A4E /* Pods-HouseworkRevolution.debug.xcconfig */;
			buildSettings = {
				ASSETCATALOG_COMPILER_APPICON_NAME = AppIcon;
				CODE_SIGN_STYLE = Automatic;
				INFOPLIST_FILE = HouseworkRevolution/Info.plist;
				LD_RUNPATH_SEARCH_PATHS = (
					"$(inherited)",
					"@executable_path/Frameworks",
				);
				PRODUCT_BUNDLE_IDENTIFIER = com.mycompany.HouseworkRevolution;
				PRODUCT_NAME = "$(TARGET_NAME)";
				SWIFT_VERSION = 5.0;
				TARGETED_DEVICE_FAMILY = "1,2";
			};
			name = Debug;
		};
		03C1A55E231662DA008EAB76 /* Release */ = {
			isa = XCBuildConfiguration;
			baseConfigurationReference = C3B112AE115369AD6E6092D6 /* Pods-HouseworkRevolution.release.xcconfig */;
			buildSettings = {
				ASSETCATALOG_COMPILER_APPICON_NAME = AppIcon;
				CODE_SIGN_STYLE = Automatic;
				INFOPLIST_FILE = HouseworkRevolution/Info.plist;
				LD_RUNPATH_SEARCH_PATHS = (
					"$(inherited)",
					"@executable_path/Frameworks",
				);
				PRODUCT_BUNDLE_IDENTIFIER = com.mycompany.HouseworkRevolution;
				PRODUCT_NAME = "$(TARGET_NAME)";
				SWIFT_VERSION = 5.0;
				TARGETED_DEVICE_FAMILY = "1,2";
			};
			name = Release;
		};
		03C1A560231662DA008EAB76 /* Debug */ = {
			isa = XCBuildConfiguration;
			baseConfigurationReference = 282E80C58DF6B1DB0CB6F4EB /* Pods-HouseworkRevolutionTests.debug.xcconfig */;
			buildSettings = {
				ALWAYS_EMBED_SWIFT_STANDARD_LIBRARIES = YES;
				BUNDLE_LOADER = "$(TEST_HOST)";
				CODE_SIGN_STYLE = Automatic;
				INFOPLIST_FILE = HouseworkRevolutionTests/Info.plist;
				LD_RUNPATH_SEARCH_PATHS = (
					"$(inherited)",
					"@executable_path/Frameworks",
					"@loader_path/Frameworks",
				);
				PRODUCT_BUNDLE_IDENTIFIER = com.mycompany.HouseworkRevolutionTests;
				PRODUCT_NAME = "$(TARGET_NAME)";
				SWIFT_VERSION = 5.0;
				TARGETED_DEVICE_FAMILY = "1,2";
				TEST_HOST = "$(BUILT_PRODUCTS_DIR)/HouseworkRevolution.app/HouseworkRevolution";
			};
			name = Debug;
		};
		03C1A561231662DA008EAB76 /* Release */ = {
			isa = XCBuildConfiguration;
			baseConfigurationReference = 7AF5797D81AC8C443CE30B21 /* Pods-HouseworkRevolutionTests.release.xcconfig */;
			buildSettings = {
				ALWAYS_EMBED_SWIFT_STANDARD_LIBRARIES = YES;
				BUNDLE_LOADER = "$(TEST_HOST)";
				CODE_SIGN_STYLE = Automatic;
				INFOPLIST_FILE = HouseworkRevolutionTests/Info.plist;
				LD_RUNPATH_SEARCH_PATHS = (
					"$(inherited)",
					"@executable_path/Frameworks",
					"@loader_path/Frameworks",
				);
				PRODUCT_BUNDLE_IDENTIFIER = com.mycompany.HouseworkRevolutionTests;
				PRODUCT_NAME = "$(TARGET_NAME)";
				SWIFT_VERSION = 5.0;
				TARGETED_DEVICE_FAMILY = "1,2";
				TEST_HOST = "$(BUILT_PRODUCTS_DIR)/HouseworkRevolution.app/HouseworkRevolution";
			};
			name = Release;
		};
/* End XCBuildConfiguration section */

/* Begin XCConfigurationList section */
		03C1A537231662D9008EAB76 /* Build configuration list for PBXProject "HouseworkRevolution" */ = {
			isa = XCConfigurationList;
			buildConfigurations = (
				03C1A55A231662DA008EAB76 /* Debug */,
				03C1A55B231662DA008EAB76 /* Release */,
			);
			defaultConfigurationIsVisible = 0;
			defaultConfigurationName = Release;
		};
		03C1A55C231662DA008EAB76 /* Build configuration list for PBXNativeTarget "HouseworkRevolution" */ = {
			isa = XCConfigurationList;
			buildConfigurations = (
				03C1A55D231662DA008EAB76 /* Debug */,
				03C1A55E231662DA008EAB76 /* Release */,
			);
			defaultConfigurationIsVisible = 0;
			defaultConfigurationName = Release;
		};
		03C1A55F231662DA008EAB76 /* Build configuration list for PBXNativeTarget "HouseworkRevolutionTests" */ = {
			isa = XCConfigurationList;
			buildConfigurations = (
				03C1A560231662DA008EAB76 /* Debug */,
				03C1A561231662DA008EAB76 /* Release */,
			);
			defaultConfigurationIsVisible = 0;
			defaultConfigurationName = Release;
		};
/* End XCConfigurationList section */

/* Begin XCVersionGroup section */
		03C1A546231662D9008EAB76 /* HouseworkRevolution.xcdatamodeld */ = {
			isa = XCVersionGroup;
			children = (
				03C1A547231662D9008EAB76 /* HouseworkRevolution.xcdatamodel */,
			);
			currentVersion = 03C1A547231662D9008EAB76 /* HouseworkRevolution.xcdatamodel */;
			path = HouseworkRevolution.xcdatamodeld;
			sourceTree = "<group>";
			versionGroupType = wrapper.xcdatamodel;
		};
/* End XCVersionGroup section */
	};
	rootObject = 03C1A534231662D9008EAB76 /* Project object */;
}
